<?xml version="1.0" encoding="UTF-8" standalone="yes" ?>
<CodeBlocks_project_file>
	<FileVersion major="1" minor="6" />
	<Project>
		<Option title="PizzaProject3" />
		<Option pch_mode="2" />
		<Option compiler="gcc" />
		<Build>
			<Target title="Debug">
				<Option output="bin/Debug/PizzaProject3" prefix_auto="1" extension_auto="1" />
				<Option object_output="obj/Debug/" />
				<Option type="1" />
				<Option compiler="gcc" />
				<Compiler>
					<Add option="-g" />
					<Add directory="include/UI" />
					<Add directory="include/Service" />
					<Add directory="include/Models" />
					<Add directory="include/Repositories" />
				</Compiler>
			</Target>
			<Target title="Release">
				<Option output="bin/Release/PizzaProject3" prefix_auto="1" extension_auto="1" />
				<Option object_output="obj/Release/" />
				<Option type="1" />
				<Option compiler="gcc" />
				<Compiler>
					<Add option="-O2" />
					<Add directory="include/UI" />
					<Add directory="include/Service" />
					<Add directory="include/Models" />
					<Add directory="include/Repositories" />
				</Compiler>
				<Linker>
					<Add option="-s" />
				</Linker>
			</Target>
		</Build>
		<Compiler>
			<Add option="-Wall" />
			<Add option="-fexceptions" />
		</Compiler>
		<Unit filename="include/Models/Afhendingarstadir.h" />
		<Unit filename="include/Models/Gos.h" />
		<Unit filename="include/Models/Medlaeti.h" />
		<Unit filename="include/Models/Order.h" />
		<Unit filename="include/Models/Pizza.h" />
		<Unit filename="include/Models/PizzaBotn.h" />
		<Unit filename="include/Models/PizzaSize.h" />
		<Unit filename="include/Models/Topping.h" />
		<Unit filename="include/Repositories/Repositories.h" />
		<Unit filename="include/Service/Service.h" />
		<Unit filename="include/UI/AfhendingUI.h" />
		<Unit filename="include/UI/BaksturUI.h" />
		<Unit filename="include/UI/MainUI.h" />
		<Unit filename="include/UI/OrderUI.h" />
		<Unit filename="include/UI/SalaUI.h" />
		<Unit filename="include/UI/UmsjonUI.h" />
		<Unit filename="main.cpp" />
		<Unit filename="src/Models/Afhendingarstadir.cpp" />
		<Unit filename="src/Models/Gos.cpp" />
		<Unit filename="src/Models/Medlaeti.cpp" />
		<Unit filename="src/Models/Order.cpp" />
		<Unit filename="src/Models/Pizza.cpp" />
		<Unit filename="src/Models/PizzaBotn.cpp" />
		<Unit filename="src/Models/PizzaSize.cpp" />
		<Unit filename="src/Models/Topping.cpp" />
		<Unit filename="src/Repositories/Repositories.cpp" />
		<Unit filename="src/Service/Service.cpp" />
		<Unit filename="src/UI/AfhendingUI.cpp" />
		<Unit filename="src/UI/BaksturUI.cpp" />
		<Unit filename="src/UI/MainUI.cpp" />
		<Unit filename="src/UI/OrderUI.cpp" />
		<Unit filename="src/UI/SalaUI.cpp" />
		<Unit filename="src/UI/UmsjonUI.cpp" />
		<Extensions>
			<code_completion />
			<envvars />
			<debugger />
			<lib_finder disable_auto="1" />
		</Extensions>
	</Project>
</CodeBlocks_project_file>
